
Microsoft Visual Studio Solution File, Format Version 12.00
# Visual Studio 2015
Project("{FAE04EC0-301F-11D3-BF4B-00C04F79EFBC}") = "RTS_alpha.CSharp.Plugins", "RTS_alpha.CSharp.Plugins.csproj", "{2A5F62E9-BDE9-FDDF-8818-731E597FCF13}"
EndProject
Project("{FAE04EC0-301F-11D3-BF4B-00C04F79EFBC}") = "RTS_alpha.CSharp", "RTS_alpha.CSharp.csproj", "{6E983D51-7D6D-FF5C-B2E4-5DC8C5C62CB4}"
EndProject
Project("{FAE04EC0-301F-11D3-BF4B-00C04F79EFBC}") = "RTS_alpha.CSharp.Editor", "RTS_alpha.CSharp.Editor.csproj", "{75E1E60A-6DE8-601D-0D3A-524CFF767896}"
EndProject
Global
	GlobalSection(SolutionConfigurationPlatforms) = preSolution
		Debug|Any CPU = Debug|Any CPU
		Release|Any CPU = Release|Any CPU
	EndGlobalSection
	GlobalSection(ProjectConfigurationPlatforms) = postSolution
		{2A5F62E9-BDE9-FDDF-8818-731E597FCF13}.Debug|Any CPU.ActiveCfg = Debug|Any CPU
		{2A5F62E9-BDE9-FDDF-8818-731E597FCF13}.Debug|Any CPU.Build.0 = Debug|Any CPU
		{2A5F62E9-BDE9-FDDF-8818-731E597FCF13}.Release|Any CPU.ActiveCfg = Release|Any CPU
		{2A5F62E9-BDE9-FDDF-8818-731E597FCF13}.Release|Any CPU.Build.0 = Release|Any CPU
		{6E983D51-7D6D-FF5C-B2E4-5DC8C5C62CB4}.Debug|Any CPU.ActiveCfg = Debug|Any CPU
		{6E983D51-7D6D-FF5C-B2E4-5DC8C5C62CB4}.Debug|Any CPU.Build.0 = Debug|Any CPU
		{6E983D51-7D6D-FF5C-B2E4-5DC8C5C62CB4}.Release|Any CPU.ActiveCfg = Release|Any CPU
		{6E983D51-7D6D-FF5C-B2E4-5DC8C5C62CB4}.Release|Any CPU.Build.0 = Release|Any CPU
		{75E1E60A-6DE8-601D-0D3A-524CFF767896}.Debug|Any CPU.ActiveCfg = Debug|Any CPU
		{75E1E60A-6DE8-601D-0D3A-524CFF767896}.Debug|Any CPU.Build.0 = Debug|Any CPU
		{75E1E60A-6DE8-601D-0D3A-524CFF767896}.Release|Any CPU.ActiveCfg = Release|Any CPU
		{75E1E60A-6DE8-601D-0D3A-524CFF767896}.Release|Any CPU.Build.0 = Release|Any CPU
	EndGlobalSection
	GlobalSection(SolutionProperties) = preSolution
		HideSolutionNode = FALSE
	EndGlobalSection
EndGlobal
